
Microsoft Visual Studio Solution File, Format Version 12.00
# Visual Studio 15
VisualStudioVersion = 15.0.27703.2026
MinimumVisualStudioVersion = 10.0.40219.1
Project("{FAE04EC0-301F-11D3-BF4B-00C04F79EFBC}") = "zoo", "zoo\zoo.csproj", "{102422F8-7439-4A8F-8525-438085A6956B}"
EndProject
Global
	GlobalSection(SolutionConfigurationPlatforms) = preSolution
		Debug|Any CPU = Debug|Any CPU
		Release|Any CPU = Release|Any CPU
	EndGlobalSection
	GlobalSection(ProjectConfigurationPlatforms) = postSolution
		{102422F8-7439-4A8F-8525-438085A6956B}.Debug|Any CPU.ActiveCfg = Debug|Any CPU
		{102422F8-7439-4A8F-8525-438085A6956B}.Debug|Any CPU.Build.0 = Debug|Any CPU
		{102422F8-7439-4A8F-8525-438085A6956B}.Release|Any CPU.ActiveCfg = Release|Any CPU
		{102422F8-7439-4A8F-8525-438085A6956B}.Release|Any CPU.Build.0 = Release|Any CPU
	EndGlobalSection
	GlobalSection(SolutionProperties) = preSolution
		HideSolutionNode = FALSE
	EndGlobalSection
	GlobalSection(ExtensibilityGlobals) = postSolution
		SolutionGuid = {D03C3184-7CDC-491C-9823-F56D627DD9D5}
	EndGlobalSection
EndGlobal
